
Microsoft Visual Studio Solution File, Format Version 12.00
# Visual Studio Version 16
VisualStudioVersion = 16.0.30907.101
MinimumVisualStudioVersion = 10.0.40219.1
Project("{9A19103F-16F7-4668-BE54-9A1E7A4F7556}") = "BlazorApp1.Server", "BlazorApp1\Server\BlazorApp1.Server.csproj", "{FED06209-DA3E-4E44-BF10-C5B90FA1AD9D}"
EndProject
Project("{9A19103F-16F7-4668-BE54-9A1E7A4F7556}") = "BlazorApp1.Client", "BlazorApp1\Client\BlazorApp1.Client.csproj", "{4570AACA-73B8-4F3D-9A38-8126C6513ADF}"
EndProject
Project("{9A19103F-16F7-4668-BE54-9A1E7A4F7556}") = "BlazorApp1.Shared", "BlazorApp1\Shared\BlazorApp1.Shared.csproj", "{58BA342B-512A-4CAD-BA9C-B931009F489E}"
EndProject
Global
	GlobalSection(SolutionConfigurationPlatforms) = preSolution
		Debug|Any CPU = Debug|Any CPU
		Release|Any CPU = Release|Any CPU
	EndGlobalSection
	GlobalSection(ProjectConfigurationPlatforms) = postSolution
		{FED06209-DA3E-4E44-BF10-C5B90FA1AD9D}.Debug|Any CPU.ActiveCfg = Debug|Any CPU
		{FED06209-DA3E-4E44-BF10-C5B90FA1AD9D}.Debug|Any CPU.Build.0 = Debug|Any CPU
		{FED06209-DA3E-4E44-BF10-C5B90FA1AD9D}.Release|Any CPU.ActiveCfg = Release|Any CPU
		{FED06209-DA3E-4E44-BF10-C5B90FA1AD9D}.Release|Any CPU.Build.0 = Release|Any CPU
		{4570AACA-73B8-4F3D-9A38-8126C6513ADF}.Debug|Any CPU.ActiveCfg = Debug|Any CPU
		{4570AACA-73B8-4F3D-9A38-8126C6513ADF}.Debug|Any CPU.Build.0 = Debug|Any CPU
		{4570AACA-73B8-4F3D-9A38-8126C6513ADF}.Release|Any CPU.ActiveCfg = Release|Any CPU
		{4570AACA-73B8-4F3D-9A38-8126C6513ADF}.Release|Any CPU.Build.0 = Release|Any CPU
		{58BA342B-512A-4CAD-BA9C-B931009F489E}.Debug|Any CPU.ActiveCfg = Debug|Any CPU
		{58BA342B-512A-4CAD-BA9C-B931009F489E}.Debug|Any CPU.Build.0 = Debug|Any CPU
		{58BA342B-512A-4CAD-BA9C-B931009F489E}.Release|Any CPU.ActiveCfg = Release|Any CPU
		{58BA342B-512A-4CAD-BA9C-B931009F489E}.Release|Any CPU.Build.0 = Release|Any CPU
	EndGlobalSection
	GlobalSection(SolutionProperties) = preSolution
		HideSolutionNode = FALSE
	EndGlobalSection
	GlobalSection(ExtensibilityGlobals) = postSolution
		SolutionGuid = {1754E1A8-60DD-4DAB-91DE-2494013B8073}
	EndGlobalSection
EndGlobal
